
Microsoft Visual Studio Solution File, Format Version 12.00
# Visual Studio 15
VisualStudioVersion = 15.0.27004.2009
MinimumVisualStudioVersion = 10.0.40219.1
Project("{FAE04EC0-301F-11D3-BF4B-00C04F79EFBC}") = "LoadDistributionForTeachers.WEB", "LoadDistributionForTeachers.WEB\LoadDistributionForTeachers.WEB.csproj", "{0DAE7105-3D5C-4DD1-BDC3-FE814FC45501}"
EndProject
Project("{FAE04EC0-301F-11D3-BF4B-00C04F79EFBC}") = "LoadDistributionForTeachers.DAL", "LoadDistributionForTeachers.DAL\LoadDistributionForTeachers.DAL.csproj", "{59C44A14-9901-4082-AF65-C49306204556}"
EndProject
Project("{FAE04EC0-301F-11D3-BF4B-00C04F79EFBC}") = "LoadDistributionForTeachers.BLL", "LoadDistributionForTeachers.BLL\LoadDistributionForTeachers.BLL.csproj", "{E8A4EFFC-3EC0-4B45-8D7F-0236DD772E03}"
EndProject
Global
	GlobalSection(SolutionConfigurationPlatforms) = preSolution
		Debug|Any CPU = Debug|Any CPU
		Release|Any CPU = Release|Any CPU
	EndGlobalSection
	GlobalSection(ProjectConfigurationPlatforms) = postSolution
		{0DAE7105-3D5C-4DD1-BDC3-FE814FC45501}.Debug|Any CPU.ActiveCfg = Debug|Any CPU
		{0DAE7105-3D5C-4DD1-BDC3-FE814FC45501}.Debug|Any CPU.Build.0 = Debug|Any CPU
		{0DAE7105-3D5C-4DD1-BDC3-FE814FC45501}.Release|Any CPU.ActiveCfg = Release|Any CPU
		{0DAE7105-3D5C-4DD1-BDC3-FE814FC45501}.Release|Any CPU.Build.0 = Release|Any CPU
		{59C44A14-9901-4082-AF65-C49306204556}.Debug|Any CPU.ActiveCfg = Debug|Any CPU
		{59C44A14-9901-4082-AF65-C49306204556}.Debug|Any CPU.Build.0 = Debug|Any CPU
		{59C44A14-9901-4082-AF65-C49306204556}.Release|Any CPU.ActiveCfg = Release|Any CPU
		{59C44A14-9901-4082-AF65-C49306204556}.Release|Any CPU.Build.0 = Release|Any CPU
		{E8A4EFFC-3EC0-4B45-8D7F-0236DD772E03}.Debug|Any CPU.ActiveCfg = Debug|Any CPU
		{E8A4EFFC-3EC0-4B45-8D7F-0236DD772E03}.Debug|Any CPU.Build.0 = Debug|Any CPU
		{E8A4EFFC-3EC0-4B45-8D7F-0236DD772E03}.Release|Any CPU.ActiveCfg = Release|Any CPU
		{E8A4EFFC-3EC0-4B45-8D7F-0236DD772E03}.Release|Any CPU.Build.0 = Release|Any CPU
	EndGlobalSection
	GlobalSection(SolutionProperties) = preSolution
		HideSolutionNode = FALSE
	EndGlobalSection
	GlobalSection(ExtensibilityGlobals) = postSolution
		SolutionGuid = {75B0619F-FA49-41C9-9AA7-9EF145749678}
	EndGlobalSection
EndGlobal
